// !$*UTF8*$!
{
	archiveVersion = 1;
	classes = {
	};
	objectVersion = 52;
	objects = {

/* Begin PBXBuildFile section */
		8FB21D7B1E13C34900B3E330 /* AppDelegate.swift in Sources */ = {isa = PBXBuildFile; fileRef = 8FB21D7A1E13C34900B3E330 /* AppDelegate.swift */; };
		8FB21D801E13C34900B3E330 /* Main.storyboard in Resources */ = {isa = PBXBuildFile; fileRef = 8FB21D7E1E13C34900B3E330 /* Main.storyboard */; };
		8FB21D821E13C34900B3E330 /* Assets.xcassets in Resources */ = {isa = PBXBuildFile; fileRef = 8FB21D811E13C34900B3E330 /* Assets.xcassets */; };
		8FB21D851E13C34900B3E330 /* LaunchScreen.storyboard in Resources */ = {isa = PBXBuildFile; fileRef = 8FB21D831E13C34900B3E330 /* LaunchScreen.storyboard */; };
		8FB21D8F1E13C39F00B3E330 /* MapViewController.swift in Sources */ = {isa = PBXBuildFile; fileRef = 8FB21D8E1E13C39F00B3E330 /* MapViewController.swift */; };
		8FB21D961E13DEA200B3E330 /* Fireball.scnp in Resources */ = {isa = PBXBuildFile; fileRef = 8FB21D941E13DEA200B3E330 /* Fireball.scnp */; };
		8FB21D971E13DEA200B3E330 /* spark.png in Resources */ = {isa = PBXBuildFile; fileRef = 8FB21D951E13DEA200B3E330 /* spark.png */; };
		8FB21D9D1E164DE500B3E330 /* ARItem.swift in Sources */ = {isa = PBXBuildFile; fileRef = 8FB21D9C1E164DE500B3E330 /* ARItem.swift */; };
		8FB21D9F1E164F3B00B3E330 /* MapAnnotation.swift in Sources */ = {isa = PBXBuildFile; fileRef = 8FB21D9E1E164F3B00B3E330 /* MapAnnotation.swift */; };
		FF1A49B4252FC501001F6D95 /* scare.MOV in Resources */ = {isa = PBXBuildFile; fileRef = FF1A49B3252FC501001F6D95 /* scare.MOV */; };
		FF1A49B8252FDD27001F6D95 /* Ghost.sks in Resources */ = {isa = PBXBuildFile; fileRef = FF1A49B7252FDD27001F6D95 /* Ghost.sks */; };
		FF1A49BB252FDDE1001F6D95 /* Ghost.swift in Sources */ = {isa = PBXBuildFile; fileRef = FF1A49BA252FDDE1001F6D95 /* Ghost.swift */; };
		FF1A49BE252FDEB5001F6D95 /* GhostViewController.swift in Sources */ = {isa = PBXBuildFile; fileRef = FF1A49BD252FDEB5001F6D95 /* GhostViewController.swift */; };
		FF1A49C4252FE167001F6D95 /* GhostViewController.xib in Resources */ = {isa = PBXBuildFile; fileRef = FF1A49C3252FE167001F6D95 /* GhostViewController.xib */; };
		FF1A49C7252FE2B6001F6D95 /* ghost.mp3 in Resources */ = {isa = PBXBuildFile; fileRef = FF1A49C6252FE2B6001F6D95 /* ghost.mp3 */; };
		FF1A49CA252FE344001F6D95 /* scream.mp3 in Resources */ = {isa = PBXBuildFile; fileRef = FF1A49C9252FE344001F6D95 /* scream.mp3 */; };
		FF36653A252A278100B84789 /* Alamofire in Frameworks */ = {isa = PBXBuildFile; productRef = FF366539252A278100B84789 /* Alamofire */; };
		FF36653E252A27F100B84789 /* Kingfisher in Frameworks */ = {isa = PBXBuildFile; productRef = FF36653D252A27F100B84789 /* Kingfisher */; };
		FF366541252A288000B84789 /* MonsterRequest.swift in Sources */ = {isa = PBXBuildFile; fileRef = FF366540252A288000B84789 /* MonsterRequest.swift */; };
		FF366544252A288600B84789 /* Monster.swift in Sources */ = {isa = PBXBuildFile; fileRef = FF366543252A288600B84789 /* Monster.swift */; };
		FF55E4AF252D3107006F378B /* DarkAmbience.mp3 in Resources */ = {isa = PBXBuildFile; fileRef = FF55E4AE252D3107006F378B /* DarkAmbience.mp3 */; };
		FF882D62252BFAB500E861A4 /* GraveyardViewController.swift in Sources */ = {isa = PBXBuildFile; fileRef = FF882D61252BFAB500E861A4 /* GraveyardViewController.swift */; };
		FF882D65252BFC1700E861A4 /* ScoreRequest.swift in Sources */ = {isa = PBXBuildFile; fileRef = FF882D64252BFC1700E861A4 /* ScoreRequest.swift */; };
		FF882D70252C96D200E861A4 /* SettingsViewController.swift in Sources */ = {isa = PBXBuildFile; fileRef = FF882D6F252C96D200E861A4 /* SettingsViewController.swift */; };
		FF8C93E52535E8F60062B2B5 /* Random.swift in Sources */ = {isa = PBXBuildFile; fileRef = FF8C93E42535E8F60062B2B5 /* Random.swift */; };
		FF8C93E82535E9660062B2B5 /* RandomRequest.swift in Sources */ = {isa = PBXBuildFile; fileRef = FF8C93E72535E9660062B2B5 /* RandomRequest.swift */; };
		FF8C93EC2535F8EA0062B2B5 /* AppCenterCrashes in Frameworks */ = {isa = PBXBuildFile; productRef = FF8C93EB2535F8EA0062B2B5 /* AppCenterCrashes */; };
		FF8C93EE2535F8EA0062B2B5 /* AppCenterAnalytics in Frameworks */ = {isa = PBXBuildFile; productRef = FF8C93ED2535F8EA0062B2B5 /* AppCenterAnalytics */; };
		FFD2C980252C9C580062A2AE /* UserRequest.swift in Sources */ = {isa = PBXBuildFile; fileRef = FFD2C97F252C9C580062A2AE /* UserRequest.swift */; };
		FFD2C984252CA3120062A2AE /* KeychainSwift in Frameworks */ = {isa = PBXBuildFile; productRef = FFD2C983252CA3120062A2AE /* KeychainSwift */; };
		FFD2C987252CB15D0062A2AE /* User.swift in Sources */ = {isa = PBXBuildFile; fileRef = FFD2C986252CB15D0062A2AE /* User.swift */; };
		FFD2C98B252CCA260062A2AE /* UserHelper.swift in Sources */ = {isa = PBXBuildFile; fileRef = FFD2C98A252CCA260062A2AE /* UserHelper.swift */; };
/* End PBXBuildFile section */

/* Begin PBXFileReference section */
		8FB21D771E13C34900B3E330 /* AR_Hunt.app */ = {isa = PBXFileReference; explicitFileType = wrapper.application; includeInIndex = 0; path = AR_Hunt.app; sourceTree = BUILT_PRODUCTS_DIR; };
		8FB21D7A1E13C34900B3E330 /* AppDelegate.swift */ = {isa = PBXFileReference; lastKnownFileType = sourcecode.swift; path = AppDelegate.swift; sourceTree = "<group>"; };
		8FB21D7F1E13C34900B3E330 /* Base */ = {isa = PBXFileReference; lastKnownFileType = file.storyboard; name = Base; path = Base.lproj/Main.storyboard; sourceTree = "<group>"; };
		8FB21D811E13C34900B3E330 /* Assets.xcassets */ = {isa = PBXFileReference; lastKnownFileType = folder.assetcatalog; path = Assets.xcassets; sourceTree = "<group>"; };
		8FB21D841E13C34900B3E330 /* Base */ = {isa = PBXFileReference; lastKnownFileType = file.storyboard; name = Base; path = Base.lproj/LaunchScreen.storyboard; sourceTree = "<group>"; };
		8FB21D861E13C34900B3E330 /* Info.plist */ = {isa = PBXFileReference; lastKnownFileType = text.plist.xml; path = Info.plist; sourceTree = "<group>"; };
		8FB21D8E1E13C39F00B3E330 /* MapViewController.swift */ = {isa = PBXFileReference; fileEncoding = 4; lastKnownFileType = sourcecode.swift; path = MapViewController.swift; sourceTree = "<group>"; };
		8FB21D941E13DEA200B3E330 /* Fireball.scnp */ = {isa = PBXFileReference; lastKnownFileType = file.scp; path = Fireball.scnp; sourceTree = "<group>"; };
		8FB21D951E13DEA200B3E330 /* spark.png */ = {isa = PBXFileReference; lastKnownFileType = image.png; path = spark.png; sourceTree = "<group>"; };
		8FB21D9C1E164DE500B3E330 /* ARItem.swift */ = {isa = PBXFileReference; fileEncoding = 4; lastKnownFileType = sourcecode.swift; path = ARItem.swift; sourceTree = "<group>"; };
		8FB21D9E1E164F3B00B3E330 /* MapAnnotation.swift */ = {isa = PBXFileReference; fileEncoding = 4; lastKnownFileType = sourcecode.swift; path = MapAnnotation.swift; sourceTree = "<group>"; };
		FF1A49B3252FC501001F6D95 /* scare.MOV */ = {isa = PBXFileReference; lastKnownFileType = video.quicktime; path = scare.MOV; sourceTree = "<group>"; };
		FF1A49B7252FDD27001F6D95 /* Ghost.sks */ = {isa = PBXFileReference; lastKnownFileType = file.sks; path = Ghost.sks; sourceTree = "<group>"; };
		FF1A49BA252FDDE1001F6D95 /* Ghost.swift */ = {isa = PBXFileReference; lastKnownFileType = sourcecode.swift; path = Ghost.swift; sourceTree = "<group>"; };
		FF1A49BD252FDEB5001F6D95 /* GhostViewController.swift */ = {isa = PBXFileReference; lastKnownFileType = sourcecode.swift; path = GhostViewController.swift; sourceTree = "<group>"; };
		FF1A49C3252FE167001F6D95 /* GhostViewController.xib */ = {isa = PBXFileReference; lastKnownFileType = file.xib; path = GhostViewController.xib; sourceTree = "<group>"; };
		FF1A49C6252FE2B6001F6D95 /* ghost.mp3 */ = {isa = PBXFileReference; lastKnownFileType = audio.mp3; path = ghost.mp3; sourceTree = "<group>"; };
		FF1A49C9252FE344001F6D95 /* scream.mp3 */ = {isa = PBXFileReference; lastKnownFileType = audio.mp3; path = scream.mp3; sourceTree = "<group>"; };
		FF366540252A288000B84789 /* MonsterRequest.swift */ = {isa = PBXFileReference; fileEncoding = 4; lastKnownFileType = sourcecode.swift; path = MonsterRequest.swift; sourceTree = "<group>"; };
		FF366543252A288600B84789 /* Monster.swift */ = {isa = PBXFileReference; fileEncoding = 4; lastKnownFileType = sourcecode.swift; path = Monster.swift; sourceTree = "<group>"; };
		FF55E4AE252D3107006F378B /* DarkAmbience.mp3 */ = {isa = PBXFileReference; lastKnownFileType = audio.mp3; path = DarkAmbience.mp3; sourceTree = "<group>"; };
		FF882D61252BFAB500E861A4 /* GraveyardViewController.swift */ = {isa = PBXFileReference; lastKnownFileType = sourcecode.swift; path = GraveyardViewController.swift; sourceTree = "<group>"; };
		FF882D64252BFC1700E861A4 /* ScoreRequest.swift */ = {isa = PBXFileReference; lastKnownFileType = sourcecode.swift; path = ScoreRequest.swift; sourceTree = "<group>"; };
		FF882D6F252C96D200E861A4 /* SettingsViewController.swift */ = {isa = PBXFileReference; lastKnownFileType = sourcecode.swift; path = SettingsViewController.swift; sourceTree = "<group>"; };
		FF8C93E42535E8F60062B2B5 /* Random.swift */ = {isa = PBXFileReference; lastKnownFileType = sourcecode.swift; path = Random.swift; sourceTree = "<group>"; };
		FF8C93E72535E9660062B2B5 /* RandomRequest.swift */ = {isa = PBXFileReference; lastKnownFileType = sourcecode.swift; path = RandomRequest.swift; sourceTree = "<group>"; };
		FFD2C97F252C9C580062A2AE /* UserRequest.swift */ = {isa = PBXFileReference; lastKnownFileType = sourcecode.swift; path = UserRequest.swift; sourceTree = "<group>"; };
		FFD2C986252CB15D0062A2AE /* User.swift */ = {isa = PBXFileReference; lastKnownFileType = sourcecode.swift; path = User.swift; sourceTree = "<group>"; };
		FFD2C98A252CCA260062A2AE /* UserHelper.swift */ = {isa = PBXFileReference; lastKnownFileType = sourcecode.swift; path = UserHelper.swift; sourceTree = "<group>"; };
/* End PBXFileReference section */

/* Begin PBXFrameworksBuildPhase section */
		8FB21D741E13C34900B3E330 /* Frameworks */ = {
			isa = PBXFrameworksBuildPhase;
			buildActionMask = 2147483647;
			files = (
				FFD2C984252CA3120062A2AE /* KeychainSwift in Frameworks */,
				FF36653E252A27F100B84789 /* Kingfisher in Frameworks */,
				FF36653A252A278100B84789 /* Alamofire in Frameworks */,
				FF8C93EE2535F8EA0062B2B5 /* AppCenterAnalytics in Frameworks */,
				FF8C93EC2535F8EA0062B2B5 /* AppCenterCrashes in Frameworks */,
			);
			runOnlyForDeploymentPostprocessing = 0;
		};
/* End PBXFrameworksBuildPhase section */

/* Begin PBXGroup section */
		8FB21D6E1E13C34900B3E330 = {
			isa = PBXGroup;
			children = (
				8FB21D791E13C34900B3E330 /* AR_Hunt */,
				8FB21D781E13C34900B3E330 /* Products */,
			);
			indentWidth = 2;
			sourceTree = "<group>";
			tabWidth = 2;
		};
		8FB21D781E13C34900B3E330 /* Products */ = {
			isa = PBXGroup;
			children = (
				8FB21D771E13C34900B3E330 /* AR_Hunt.app */,
			);
			name = Products;
			sourceTree = "<group>";
		};
		8FB21D791E13C34900B3E330 /* AR_Hunt */ = {
			isa = PBXGroup;
			children = (
				8FB21D7A1E13C34900B3E330 /* AppDelegate.swift */,
				8FB21D831E13C34900B3E330 /* LaunchScreen.storyboard */,
				8FB21D7E1E13C34900B3E330 /* Main.storyboard */,
				FF55E4AD252D30D5006F378B /* Sounds */,
				FFD2C989252CCA090062A2AE /* Helpers */,
				FF882D69252BFC4600E861A4 /* Models */,
				FF882D67252BFC2100E861A4 /* Requests */,
				FF882D6B252C012A00E861A4 /* ViewControllers */,
				8FB21D811E13C34900B3E330 /* Assets.xcassets */,
				8FB21D941E13DEA200B3E330 /* Fireball.scnp */,
				8FB21D951E13DEA200B3E330 /* spark.png */,
				8FB21D861E13C34900B3E330 /* Info.plist */,
			);
			path = AR_Hunt;
			sourceTree = "<group>";
		};
		FF55E4AD252D30D5006F378B /* Sounds */ = {
			isa = PBXGroup;
			children = (
				FF1A49C9252FE344001F6D95 /* scream.mp3 */,
				FF1A49C6252FE2B6001F6D95 /* ghost.mp3 */,
				FF1A49B3252FC501001F6D95 /* scare.MOV */,
				FF55E4AE252D3107006F378B /* DarkAmbience.mp3 */,
			);
			path = Sounds;
			sourceTree = "<group>";
		};
		FF882D67252BFC2100E861A4 /* Requests */ = {
			isa = PBXGroup;
			children = (
				FF366540252A288000B84789 /* MonsterRequest.swift */,
				FFD2C97F252C9C580062A2AE /* UserRequest.swift */,
				FF882D64252BFC1700E861A4 /* ScoreRequest.swift */,
				FF8C93E72535E9660062B2B5 /* RandomRequest.swift */,
			);
			path = Requests;
			sourceTree = "<group>";
		};
		FF882D69252BFC4600E861A4 /* Models */ = {
			isa = PBXGroup;
			children = (
				8FB21D9E1E164F3B00B3E330 /* MapAnnotation.swift */,
				8FB21D9C1E164DE500B3E330 /* ARItem.swift */,
				FF366543252A288600B84789 /* Monster.swift */,
				FFD2C986252CB15D0062A2AE /* User.swift */,
				FF8C93E42535E8F60062B2B5 /* Random.swift */,
			);
			path = Models;
			sourceTree = "<group>";
		};
		FF882D6B252C012A00E861A4 /* ViewControllers */ = {
			isa = PBXGroup;
			children = (
				FF882D6F252C96D200E861A4 /* SettingsViewController.swift */,
				8FB21D8E1E13C39F00B3E330 /* MapViewController.swift */,
				FF882D61252BFAB500E861A4 /* GraveyardViewController.swift */,
				FF1A49B7252FDD27001F6D95 /* Ghost.sks */,
				FF1A49BA252FDDE1001F6D95 /* Ghost.swift */,
				FF1A49BD252FDEB5001F6D95 /* GhostViewController.swift */,
				FF1A49C3252FE167001F6D95 /* GhostViewController.xib */,
			);
			path = ViewControllers;
			sourceTree = "<group>";
		};
		FFD2C989252CCA090062A2AE /* Helpers */ = {
			isa = PBXGroup;
			children = (
				FFD2C98A252CCA260062A2AE /* UserHelper.swift */,
			);
			path = Helpers;
			sourceTree = "<group>";
		};
/* End PBXGroup section */

/* Begin PBXNativeTarget section */
		8FB21D761E13C34900B3E330 /* AR_Hunt */ = {
			isa = PBXNativeTarget;
			buildConfigurationList = 8FB21D891E13C34900B3E330 /* Build configuration list for PBXNativeTarget "AR_Hunt" */;
			buildPhases = (
				8FB21D731E13C34900B3E330 /* Sources */,
				8FB21D741E13C34900B3E330 /* Frameworks */,
				8FB21D751E13C34900B3E330 /* Resources */,
			);
			buildRules = (
			);
			dependencies = (
			);
			name = AR_Hunt;
			packageProductDependencies = (
				FF366539252A278100B84789 /* Alamofire */,
				FF36653D252A27F100B84789 /* Kingfisher */,
				FFD2C983252CA3120062A2AE /* KeychainSwift */,
				FF8C93EB2535F8EA0062B2B5 /* AppCenterCrashes */,
				FF8C93ED2535F8EA0062B2B5 /* AppCenterAnalytics */,
			);
			productName = AR_Hunt;
			productReference = 8FB21D771E13C34900B3E330 /* AR_Hunt.app */;
			productType = "com.apple.product-type.application";
		};
/* End PBXNativeTarget section */

/* Begin PBXProject section */
		8FB21D6F1E13C34900B3E330 /* Project object */ = {
			isa = PBXProject;
			attributes = {
				LastSwiftUpdateCheck = 0820;
				LastUpgradeCheck = 1200;
				ORGANIZATIONNAME = "Razeware LLC";
				TargetAttributes = {
					8FB21D761E13C34900B3E330 = {
						CreatedOnToolsVersion = 8.2.1;
						DevelopmentTeam = 6N832252LV;
						ProvisioningStyle = Automatic;
					};
				};
			};
			buildConfigurationList = 8FB21D721E13C34900B3E330 /* Build configuration list for PBXProject "AR_Hunt" */;
			compatibilityVersion = "Xcode 3.2";
			developmentRegion = en;
			hasScannedForEncodings = 0;
			knownRegions = (
				en,
				Base,
			);
			mainGroup = 8FB21D6E1E13C34900B3E330;
			packageReferences = (
				FF366538252A278100B84789 /* XCRemoteSwiftPackageReference "Alamofire" */,
				FF36653C252A27F100B84789 /* XCRemoteSwiftPackageReference "Kingfisher" */,
				FFD2C982252CA3120062A2AE /* XCRemoteSwiftPackageReference "keychain-swift" */,
				FF8C93EA2535F8EA0062B2B5 /* XCRemoteSwiftPackageReference "appcenter-sdk-apple" */,
			);
			productRefGroup = 8FB21D781E13C34900B3E330 /* Products */;
			projectDirPath = "";
			projectRoot = "";
			targets = (
				8FB21D761E13C34900B3E330 /* AR_Hunt */,
			);
		};
/* End PBXProject section */

/* Begin PBXResourcesBuildPhase section */
		8FB21D751E13C34900B3E330 /* Resources */ = {
			isa = PBXResourcesBuildPhase;
			buildActionMask = 2147483647;
			files = (
				8FB21D851E13C34900B3E330 /* LaunchScreen.storyboard in Resources */,
				FF1A49B4252FC501001F6D95 /* scare.MOV in Resources */,
				8FB21D971E13DEA200B3E330 /* spark.png in Resources */,
				FF1A49C4252FE167001F6D95 /* GhostViewController.xib in Resources */,
				FF1A49C7252FE2B6001F6D95 /* ghost.mp3 in Resources */,
				8FB21D821E13C34900B3E330 /* Assets.xcassets in Resources */,
				FF1A49CA252FE344001F6D95 /* scream.mp3 in Resources */,
				FF55E4AF252D3107006F378B /* DarkAmbience.mp3 in Resources */,
				8FB21D801E13C34900B3E330 /* Main.storyboard in Resources */,
				8FB21D961E13DEA200B3E330 /* Fireball.scnp in Resources */,
				FF1A49B8252FDD27001F6D95 /* Ghost.sks in Resources */,
			);
			runOnlyForDeploymentPostprocessing = 0;
		};
/* End PBXResourcesBuildPhase section */

/* Begin PBXSourcesBuildPhase section */
		8FB21D731E13C34900B3E330 /* Sources */ = {
			isa = PBXSourcesBuildPhase;
			buildActionMask = 2147483647;
			files = (
				FF366541252A288000B84789 /* MonsterRequest.swift in Sources */,
				FFD2C980252C9C580062A2AE /* UserRequest.swift in Sources */,
				FF8C93E52535E8F60062B2B5 /* Random.swift in Sources */,
				FF1A49BB252FDDE1001F6D95 /* Ghost.swift in Sources */,
				8FB21D9F1E164F3B00B3E330 /* MapAnnotation.swift in Sources */,
				FF882D70252C96D200E861A4 /* SettingsViewController.swift in Sources */,
				FF1A49BE252FDEB5001F6D95 /* GhostViewController.swift in Sources */,
				FF366544252A288600B84789 /* Monster.swift in Sources */,
				FF8C93E82535E9660062B2B5 /* RandomRequest.swift in Sources */,
				FF882D62252BFAB500E861A4 /* GraveyardViewController.swift in Sources */,
				FFD2C98B252CCA260062A2AE /* UserHelper.swift in Sources */,
				8FB21D9D1E164DE500B3E330 /* ARItem.swift in Sources */,
				FFD2C987252CB15D0062A2AE /* User.swift in Sources */,
				8FB21D8F1E13C39F00B3E330 /* MapViewController.swift in Sources */,
				FF882D65252BFC1700E861A4 /* ScoreRequest.swift in Sources */,
				8FB21D7B1E13C34900B3E330 /* AppDelegate.swift in Sources */,
			);
			runOnlyForDeploymentPostprocessing = 0;
		};
/* End PBXSourcesBuildPhase section */

/* Begin PBXVariantGroup section */
		8FB21D7E1E13C34900B3E330 /* Main.storyboard */ = {
			isa = PBXVariantGroup;
			children = (
				8FB21D7F1E13C34900B3E330 /* Base */,
			);
			name = Main.storyboard;
			sourceTree = "<group>";
		};
		8FB21D831E13C34900B3E330 /* LaunchScreen.storyboard */ = {
			isa = PBXVariantGroup;
			children = (
				8FB21D841E13C34900B3E330 /* Base */,
			);
			name = LaunchScreen.storyboard;
			sourceTree = "<group>";
		};
/* End PBXVariantGroup section */

/* Begin XCBuildConfiguration section */
		8FB21D871E13C34900B3E330 /* Debug */ = {
			isa = XCBuildConfiguration;
			buildSettings = {
				ALWAYS_SEARCH_USER_PATHS = NO;
				CLANG_ANALYZER_LOCALIZABILITY_NONLOCALIZED = YES;
				CLANG_ANALYZER_NONNULL = YES;
				CLANG_CXX_LANGUAGE_STANDARD = "gnu++0x";
				CLANG_CXX_LIBRARY = "libc++";
				CLANG_ENABLE_MODULES = YES;
				CLANG_ENABLE_OBJC_ARC = YES;
				CLANG_WARN_BLOCK_CAPTURE_AUTORELEASING = YES;
				CLANG_WARN_BOOL_CONVERSION = YES;
				CLANG_WARN_COMMA = YES;
				CLANG_WARN_CONSTANT_CONVERSION = YES;
				CLANG_WARN_DEPRECATED_OBJC_IMPLEMENTATIONS = YES;
				CLANG_WARN_DIRECT_OBJC_ISA_USAGE = YES_ERROR;
				CLANG_WARN_DOCUMENTATION_COMMENTS = YES;
				CLANG_WARN_EMPTY_BODY = YES;
				CLANG_WARN_ENUM_CONVERSION = YES;
				CLANG_WARN_INFINITE_RECURSION = YES;
				CLANG_WARN_INT_CONVERSION = YES;
				CLANG_WARN_NON_LITERAL_NULL_CONVERSION = YES;
				CLANG_WARN_OBJC_IMPLICIT_RETAIN_SELF = YES;
				CLANG_WARN_OBJC_LITERAL_CONVERSION = YES;
				CLANG_WARN_OBJC_ROOT_CLASS = YES_ERROR;
				CLANG_WARN_QUOTED_INCLUDE_IN_FRAMEWORK_HEADER = YES;
				CLANG_WARN_RANGE_LOOP_ANALYSIS = YES;
				CLANG_WARN_STRICT_PROTOTYPES = YES;
				CLANG_WARN_SUSPICIOUS_MOVE = YES;
				CLANG_WARN_UNREACHABLE_CODE = YES;
				CLANG_WARN__DUPLICATE_METHOD_MATCH = YES;
				"CODE_SIGN_IDENTITY[sdk=iphoneos*]" = "iPhone Developer";
				COPY_PHASE_STRIP = NO;
				DEBUG_INFORMATION_FORMAT = dwarf;
				ENABLE_STRICT_OBJC_MSGSEND = YES;
				ENABLE_TESTABILITY = YES;
				GCC_C_LANGUAGE_STANDARD = gnu99;
				GCC_DYNAMIC_NO_PIC = NO;
				GCC_NO_COMMON_BLOCKS = YES;
				GCC_OPTIMIZATION_LEVEL = 0;
				GCC_PREPROCESSOR_DEFINITIONS = (
					"DEBUG=1",
					"$(inherited)",
				);
				GCC_WARN_64_TO_32_BIT_CONVERSION = YES;
				GCC_WARN_ABOUT_RETURN_TYPE = YES_ERROR;
				GCC_WARN_UNDECLARED_SELECTOR = YES;
				GCC_WARN_UNINITIALIZED_AUTOS = YES_AGGRESSIVE;
				GCC_WARN_UNUSED_FUNCTION = YES;
				GCC_WARN_UNUSED_VARIABLE = YES;
				IPHONEOS_DEPLOYMENT_TARGET = 12.0;
				MTL_ENABLE_DEBUG_INFO = YES;
				ONLY_ACTIVE_ARCH = YES;
				SDKROOT = iphoneos;
				SWIFT_ACTIVE_COMPILATION_CONDITIONS = DEBUG;
				SWIFT_OPTIMIZATION_LEVEL = "-Onone";
			};
			name = Debug;
		};
		8FB21D881E13C34900B3E330 /* Release */ = {
			isa = XCBuildConfiguration;
			buildSettings = {
				ALWAYS_SEARCH_USER_PATHS = NO;
				CLANG_ANALYZER_LOCALIZABILITY_NONLOCALIZED = YES;
				CLANG_ANALYZER_NONNULL = YES;
				CLANG_CXX_LANGUAGE_STANDARD = "gnu++0x";
				CLANG_CXX_LIBRARY = "libc++";
				CLANG_ENABLE_MODULES = YES;
				CLANG_ENABLE_OBJC_ARC = YES;
				CLANG_WARN_BLOCK_CAPTURE_AUTORELEASING = YES;
				CLANG_WARN_BOOL_CONVERSION = YES;
				CLANG_WARN_COMMA = YES;
				CLANG_WARN_CONSTANT_CONVERSION = YES;
				CLANG_WARN_DEPRECATED_OBJC_IMPLEMENTATIONS = YES;
				CLANG_WARN_DIRECT_OBJC_ISA_USAGE = YES_ERROR;
				CLANG_WARN_DOCUMENTATION_COMMENTS = YES;
				CLANG_WARN_EMPTY_BODY = YES;
				CLANG_WARN_ENUM_CONVERSION = YES;
				CLANG_WARN_INFINITE_RECURSION = YES;
				CLANG_WARN_INT_CONVERSION = YES;
				CLANG_WARN_NON_LITERAL_NULL_CONVERSION = YES;
				CLANG_WARN_OBJC_IMPLICIT_RETAIN_SELF = YES;
				CLANG_WARN_OBJC_LITERAL_CONVERSION = YES;
				CLANG_WARN_OBJC_ROOT_CLASS = YES_ERROR;
				CLANG_WARN_QUOTED_INCLUDE_IN_FRAMEWORK_HEADER = YES;
				CLANG_WARN_RANGE_LOOP_ANALYSIS = YES;
				CLANG_WARN_STRICT_PROTOTYPES = YES;
				CLANG_WARN_SUSPICIOUS_MOVE = YES;
				CLANG_WARN_UNREACHABLE_CODE = YES;
				CLANG_WARN__DUPLICATE_METHOD_MATCH = YES;
				"CODE_SIGN_IDENTITY[sdk=iphoneos*]" = "iPhone Developer";
				COPY_PHASE_STRIP = NO;
				DEBUG_INFORMATION_FORMAT = "dwarf-with-dsym";
				ENABLE_NS_ASSERTIONS = NO;
				ENABLE_STRICT_OBJC_MSGSEND = YES;
				GCC_C_LANGUAGE_STANDARD = gnu99;
				GCC_NO_COMMON_BLOCKS = YES;
				GCC_WARN_64_TO_32_BIT_CONVERSION = YES;
				GCC_WARN_ABOUT_RETURN_TYPE = YES_ERROR;
				GCC_WARN_UNDECLARED_SELECTOR = YES;
				GCC_WARN_UNINITIALIZED_AUTOS = YES_AGGRESSIVE;
				GCC_WARN_UNUSED_FUNCTION = YES;
				GCC_WARN_UNUSED_VARIABLE = YES;
				IPHONEOS_DEPLOYMENT_TARGET = 12.0;
				MTL_ENABLE_DEBUG_INFO = NO;
				SDKROOT = iphoneos;
				SWIFT_COMPILATION_MODE = wholemodule;
				SWIFT_OPTIMIZATION_LEVEL = "-O";
				VALIDATE_PRODUCT = YES;
			};
			name = Release;
		};
		8FB21D8A1E13C34900B3E330 /* Debug */ = {
			isa = XCBuildConfiguration;
			buildSettings = {
				ASSETCATALOG_COMPILER_APPICON_NAME = AppIcon;
				DEVELOPMENT_TEAM = 6N832252LV;
				INFOPLIST_FILE = AR_Hunt/Info.plist;
				LD_RUNPATH_SEARCH_PATHS = (
					"$(inherited)",
					"@executable_path/Frameworks",
				);
				PRODUCT_BUNDLE_IDENTIFIER = com.harbordev.AR;
				PRODUCT_NAME = "$(TARGET_NAME)";
				SWIFT_VERSION = 5.0;
				TARGETED_DEVICE_FAMILY = "1,2";
			};
			name = Debug;
		};
		8FB21D8B1E13C34900B3E330 /* Release */ = {
			isa = XCBuildConfiguration;
			buildSettings = {
				ASSETCATALOG_COMPILER_APPICON_NAME = AppIcon;
				DEVELOPMENT_TEAM = 6N832252LV;
				INFOPLIST_FILE = AR_Hunt/Info.plist;
				LD_RUNPATH_SEARCH_PATHS = (
					"$(inherited)",
					"@executable_path/Frameworks",
				);
				PRODUCT_BUNDLE_IDENTIFIER = com.harbordev.AR;
				PRODUCT_NAME = "$(TARGET_NAME)";
				SWIFT_VERSION = 5.0;
				TARGETED_DEVICE_FAMILY = "1,2";
			};
			name = Release;
		};
/* End XCBuildConfiguration section */

/* Begin XCConfigurationList section */
		8FB21D721E13C34900B3E330 /* Build configuration list for PBXProject "AR_Hunt" */ = {
			isa = XCConfigurationList;
			buildConfigurations = (
				8FB21D871E13C34900B3E330 /* Debug */,
				8FB21D881E13C34900B3E330 /* Release */,
			);
			defaultConfigurationIsVisible = 0;
			defaultConfigurationName = Release;
		};
		8FB21D891E13C34900B3E330 /* Build configuration list for PBXNativeTarget "AR_Hunt" */ = {
			isa = XCConfigurationList;
			buildConfigurations = (
				8FB21D8A1E13C34900B3E330 /* Debug */,
				8FB21D8B1E13C34900B3E330 /* Release */,
			);
			defaultConfigurationIsVisible = 0;
			defaultConfigurationName = Release;
		};
/* End XCConfigurationList section */

/* Begin XCRemoteSwiftPackageReference section */
		FF366538252A278100B84789 /* XCRemoteSwiftPackageReference "Alamofire" */ = {
			isa = XCRemoteSwiftPackageReference;
			repositoryURL = "https://github.com/Alamofire/Alamofire";
			requirement = {
				kind = upToNextMajorVersion;
				minimumVersion = 5.2.2;
			};
		};
		FF36653C252A27F100B84789 /* XCRemoteSwiftPackageReference "Kingfisher" */ = {
			isa = XCRemoteSwiftPackageReference;
			repositoryURL = "https://github.com/onevcat/Kingfisher.git";
			requirement = {
				kind = upToNextMajorVersion;
				minimumVersion = 5.15.5;
			};
		};
		FF8C93EA2535F8EA0062B2B5 /* XCRemoteSwiftPackageReference "appcenter-sdk-apple" */ = {
			isa = XCRemoteSwiftPackageReference;
			repositoryURL = "https://github.com/microsoft/appcenter-sdk-apple.git";
			requirement = {
				kind = upToNextMajorVersion;
				minimumVersion = 3.3.4;
			};
		};
		FFD2C982252CA3120062A2AE /* XCRemoteSwiftPackageReference "keychain-swift" */ = {
			isa = XCRemoteSwiftPackageReference;
			repositoryURL = "https://github.com/evgenyneu/keychain-swift.git";
			requirement = {
				kind = upToNextMajorVersion;
				minimumVersion = 19.0.0;
			};
		};
/* End XCRemoteSwiftPackageReference section */

/* Begin XCSwiftPackageProductDependency section */
		FF366539252A278100B84789 /* Alamofire */ = {
			isa = XCSwiftPackageProductDependency;
			package = FF366538252A278100B84789 /* XCRemoteSwiftPackageReference "Alamofire" */;
			productName = Alamofire;
		};
		FF36653D252A27F100B84789 /* Kingfisher */ = {
			isa = XCSwiftPackageProductDependency;
			package = FF36653C252A27F100B84789 /* XCRemoteSwiftPackageReference "Kingfisher" */;
			productName = Kingfisher;
		};
		FF8C93EB2535F8EA0062B2B5 /* AppCenterCrashes */ = {
			isa = XCSwiftPackageProductDependency;
			package = FF8C93EA2535F8EA0062B2B5 /* XCRemoteSwiftPackageReference "appcenter-sdk-apple" */;
			productName = AppCenterCrashes;
		};
		FF8C93ED2535F8EA0062B2B5 /* AppCenterAnalytics */ = {
			isa = XCSwiftPackageProductDependency;
			package = FF8C93EA2535F8EA0062B2B5 /* XCRemoteSwiftPackageReference "appcenter-sdk-apple" */;
			productName = AppCenterAnalytics;
		};
		FFD2C983252CA3120062A2AE /* KeychainSwift */ = {
			isa = XCSwiftPackageProductDependency;
			package = FFD2C982252CA3120062A2AE /* XCRemoteSwiftPackageReference "keychain-swift" */;
			productName = KeychainSwift;
		};
/* End XCSwiftPackageProductDependency section */
	};
	rootObject = 8FB21D6F1E13C34900B3E330 /* Project object */;
}
